{
  "requires": true,
  "lockfileVersion": 1,
  "dependencies": {
    "binary-search-insert": {
      "version": "1.0.3",
      "resolved": "https://registry.npmjs.org/binary-search-insert/-/binary-search-insert-1.0.3.tgz",
      "integrity": "sha1-DcPXslPS5vRmRBsS965UMme/XPY="
    },
    "sortedmap": {
      "version": "0.0.1",
      "resolved": "https://registry.npmjs.org/sortedmap/-/sortedmap-0.0.1.tgz",
      "integrity": "sha512-/BPtFt8LK48tJQsRfLYORHC45bgQc9dgY/zpzqA9B13hRj57kOiVs29OniNekljbXJ9ir4jo2PEkR/OF2U3/Eg==",
      "requires": {
        "binary-search-insert": "1.0.3"
      }
    }
  }
}
